{
  "name": "esmtest",
  "version": "1.0.0",
  "lockfileVersion": 3,
  "requires": true,
  "packages": {
    "": {
      "name": "esmtest",
      "version": "1.0.0",
      "license": "ISC",
      "dependencies": {
        "@scrypt-inc/bsv": "file:../"
      }
    },
    "..": {
      "name": "@scrypt-inc/bsv",
      "version": "1.0.2",
      "license": "MIT",
      "dependencies": {
        "aes-js": "^3.1.2",
        "assert": "^2.1.0",
        "bn.js": "=4.11.9",
        "bs58": "=4.0.1",
        "buffer": "^6.0.3",
        "clone-deep": "^4.0.1",
        "elliptic": "6.5.4",
        "hash.js": "^1.1.7",
        "inherits": "2.0.3",
        "unorm": "1.4.1"
      },
      "devDependencies": {
        "brfs": "2.0.1",
        "chai": "4.2.0",
        "mocha": "^8.4.0",
        "nyc": "^14.1.1",
        "parcel": "latest",
        "sinon": "7.2.3",
        "standard": "12.0.1"
      }
    },
    "node_modules/@scrypt-inc/bsv": {
      "resolved": "..",
      "link": true
    }
  }
}
